
Microsoft Visual Studio Solution File, Format Version 12.00
# Visual Studio Version 17
VisualStudioVersion = 17.7.34031.279
MinimumVisualStudioVersion = 10.0.40219.1
Project("{FAE04EC0-301F-11D3-BF4B-00C04F79EFBC}") = "prySosaEtapa7", "prySosaEtapa7.csproj", "{C9C743FF-3375-498A-B1D6-7863B44F1200}"
EndProject
Global
	GlobalSection(SolutionConfigurationPlatforms) = preSolution
		Debug|Any CPU = Debug|Any CPU
		Release|Any CPU = Release|Any CPU
	EndGlobalSection
	GlobalSection(ProjectConfigurationPlatforms) = postSolution
		{C9C743FF-3375-498A-B1D6-7863B44F1200}.Debug|Any CPU.ActiveCfg = Debug|Any CPU
		{C9C743FF-3375-498A-B1D6-7863B44F1200}.Debug|Any CPU.Build.0 = Debug|Any CPU
		{C9C743FF-3375-498A-B1D6-7863B44F1200}.Release|Any CPU.ActiveCfg = Release|Any CPU
		{C9C743FF-3375-498A-B1D6-7863B44F1200}.Release|Any CPU.Build.0 = Release|Any CPU
	EndGlobalSection
	GlobalSection(SolutionProperties) = preSolution
		HideSolutionNode = FALSE
	EndGlobalSection
	GlobalSection(ExtensibilityGlobals) = postSolution
		SolutionGuid = {91990BAE-E0DE-4DB3-A3FE-BF33AFFB441C}
	EndGlobalSection
EndGlobal
